
Microsoft Visual Studio Solution File, Format Version 12.00
# Visual Studio Version 17
VisualStudioVersion = 17.14.36623.8 d17.14
MinimumVisualStudioVersion = 10.0.40219.1
Project("{FAE04EC0-301F-11D3-BF4B-00C04F79EFBC}") = "particle-collision-demo", "particle-collision-demo.csproj", "{F61FF500-96F2-410A-A230-3D484F2BB74E}"
EndProject
Global
	GlobalSection(SolutionConfigurationPlatforms) = preSolution
		Debug|Any CPU = Debug|Any CPU
		Release|Any CPU = Release|Any CPU
	EndGlobalSection
	GlobalSection(ProjectConfigurationPlatforms) = postSolution
		{F61FF500-96F2-410A-A230-3D484F2BB74E}.Debug|Any CPU.ActiveCfg = Debug|Any CPU
		{F61FF500-96F2-410A-A230-3D484F2BB74E}.Debug|Any CPU.Build.0 = Debug|Any CPU
		{F61FF500-96F2-410A-A230-3D484F2BB74E}.Release|Any CPU.ActiveCfg = Release|Any CPU
		{F61FF500-96F2-410A-A230-3D484F2BB74E}.Release|Any CPU.Build.0 = Release|Any CPU
	EndGlobalSection
	GlobalSection(SolutionProperties) = preSolution
		HideSolutionNode = FALSE
	EndGlobalSection
	GlobalSection(ExtensibilityGlobals) = postSolution
		SolutionGuid = {88A32382-5A55-45A8-A52E-E81F648EAD5E}
	EndGlobalSection
EndGlobal
